
Microsoft Visual Studio Solution File, Format Version 12.00
# Visual Studio Version 17
VisualStudioVersion = 17.4.33110.190
MinimumVisualStudioVersion = 10.0.40219.1
Project("{FAE04EC0-301F-11D3-BF4B-00C04F79EFBC}") = "FeetToCentimeters", "FeetToCentimeters\FeetToCentimeters.csproj", "{C1221755-FAFC-44D4-ACE4-FF863FA7CA01}"
EndProject
Global
	GlobalSection(SolutionConfigurationPlatforms) = preSolution
		Debug|Any CPU = Debug|Any CPU
		Release|Any CPU = Release|Any CPU
	EndGlobalSection
	GlobalSection(ProjectConfigurationPlatforms) = postSolution
		{C1221755-FAFC-44D4-ACE4-FF863FA7CA01}.Debug|Any CPU.ActiveCfg = Debug|Any CPU
		{C1221755-FAFC-44D4-ACE4-FF863FA7CA01}.Debug|Any CPU.Build.0 = Debug|Any CPU
		{C1221755-FAFC-44D4-ACE4-FF863FA7CA01}.Release|Any CPU.ActiveCfg = Release|Any CPU
		{C1221755-FAFC-44D4-ACE4-FF863FA7CA01}.Release|Any CPU.Build.0 = Release|Any CPU
	EndGlobalSection
	GlobalSection(SolutionProperties) = preSolution
		HideSolutionNode = FALSE
	EndGlobalSection
	GlobalSection(ExtensibilityGlobals) = postSolution
		SolutionGuid = {BEEDB6DC-EA05-49E5-8A07-3298475CD942}
	EndGlobalSection
EndGlobal
