
Microsoft Visual Studio Solution File, Format Version 12.00
# Visual Studio Version 16
VisualStudioVersion = 16.0.33214.272
MinimumVisualStudioVersion = 10.0.40219.1
Project("{FAE04EC0-301F-11D3-BF4B-00C04F79EFBC}") = "HeightCategory", "HeightCategory\HeightCategory.csproj", "{AF054EFF-39A3-4D66-B804-528C4247C294}"
EndProject
Global
	GlobalSection(SolutionConfigurationPlatforms) = preSolution
		Debug|Any CPU = Debug|Any CPU
		Release|Any CPU = Release|Any CPU
	EndGlobalSection
	GlobalSection(ProjectConfigurationPlatforms) = postSolution
		{AF054EFF-39A3-4D66-B804-528C4247C294}.Debug|Any CPU.ActiveCfg = Debug|Any CPU
		{AF054EFF-39A3-4D66-B804-528C4247C294}.Debug|Any CPU.Build.0 = Debug|Any CPU
		{AF054EFF-39A3-4D66-B804-528C4247C294}.Release|Any CPU.ActiveCfg = Release|Any CPU
		{AF054EFF-39A3-4D66-B804-528C4247C294}.Release|Any CPU.Build.0 = Release|Any CPU
	EndGlobalSection
	GlobalSection(SolutionProperties) = preSolution
		HideSolutionNode = FALSE
	EndGlobalSection
	GlobalSection(ExtensibilityGlobals) = postSolution
		SolutionGuid = {A3E752CC-B6D5-420B-A26E-872983E4B693}
	EndGlobalSection
EndGlobal
