
Microsoft Visual Studio Solution File, Format Version 12.00
# Visual Studio Version 16
VisualStudioVersion = 16.0.33214.272
MinimumVisualStudioVersion = 10.0.40219.1
Project("{FAE04EC0-301F-11D3-BF4B-00C04F79EFBC}") = "NearestThousand", "NearestThousand\NearestThousand.csproj", "{DCB25654-DBD8-43ED-BAB5-ECEB7CED0B3B}"
EndProject
Global
	GlobalSection(SolutionConfigurationPlatforms) = preSolution
		Debug|Any CPU = Debug|Any CPU
		Release|Any CPU = Release|Any CPU
	EndGlobalSection
	GlobalSection(ProjectConfigurationPlatforms) = postSolution
		{DCB25654-DBD8-43ED-BAB5-ECEB7CED0B3B}.Debug|Any CPU.ActiveCfg = Debug|Any CPU
		{DCB25654-DBD8-43ED-BAB5-ECEB7CED0B3B}.Debug|Any CPU.Build.0 = Debug|Any CPU
		{DCB25654-DBD8-43ED-BAB5-ECEB7CED0B3B}.Release|Any CPU.ActiveCfg = Release|Any CPU
		{DCB25654-DBD8-43ED-BAB5-ECEB7CED0B3B}.Release|Any CPU.Build.0 = Release|Any CPU
	EndGlobalSection
	GlobalSection(SolutionProperties) = preSolution
		HideSolutionNode = FALSE
	EndGlobalSection
	GlobalSection(ExtensibilityGlobals) = postSolution
		SolutionGuid = {23715D59-D9B5-432B-8C28-ADBC2D9F7D47}
	EndGlobalSection
EndGlobal
